
Microsoft Visual Studio Solution File, Format Version 12.00
# Visual Studio Version 16
VisualStudioVersion = 16.0.31729.503
MinimumVisualStudioVersion = 10.0.40219.1
Project("{FAE04EC0-301F-11D3-BF4B-00C04F79EFBC}") = "HomeworkFive_TaskOne", "HomeworkFive\HomeworkFive_TaskOne.csproj", "{68C741D0-9CF2-4208-8C67-A758D9EF3AF6}"
EndProject
Project("{FAE04EC0-301F-11D3-BF4B-00C04F79EFBC}") = "HomeworkFive_TaskTwo", "HomeworkFive_TaskTwo\HomeworkFive_TaskTwo.csproj", "{9762048B-BE3C-4204-8FEB-521D6F028163}"
EndProject
Global
	GlobalSection(SolutionConfigurationPlatforms) = preSolution
		Debug|Any CPU = Debug|Any CPU
		Release|Any CPU = Release|Any CPU
	EndGlobalSection
	GlobalSection(ProjectConfigurationPlatforms) = postSolution
		{68C741D0-9CF2-4208-8C67-A758D9EF3AF6}.Debug|Any CPU.ActiveCfg = Debug|Any CPU
		{68C741D0-9CF2-4208-8C67-A758D9EF3AF6}.Debug|Any CPU.Build.0 = Debug|Any CPU
		{68C741D0-9CF2-4208-8C67-A758D9EF3AF6}.Release|Any CPU.ActiveCfg = Release|Any CPU
		{68C741D0-9CF2-4208-8C67-A758D9EF3AF6}.Release|Any CPU.Build.0 = Release|Any CPU
		{9762048B-BE3C-4204-8FEB-521D6F028163}.Debug|Any CPU.ActiveCfg = Debug|Any CPU
		{9762048B-BE3C-4204-8FEB-521D6F028163}.Debug|Any CPU.Build.0 = Debug|Any CPU
		{9762048B-BE3C-4204-8FEB-521D6F028163}.Release|Any CPU.ActiveCfg = Release|Any CPU
		{9762048B-BE3C-4204-8FEB-521D6F028163}.Release|Any CPU.Build.0 = Release|Any CPU
	EndGlobalSection
	GlobalSection(SolutionProperties) = preSolution
		HideSolutionNode = FALSE
	EndGlobalSection
	GlobalSection(ExtensibilityGlobals) = postSolution
		SolutionGuid = {D39954D6-D16C-4C4A-9F81-335E52B509C5}
	EndGlobalSection
EndGlobal
